
Microsoft Visual Studio Solution File, Format Version 12.00
# Visual Studio Version 16
VisualStudioVersion = 16.0.31410.357
MinimumVisualStudioVersion = 10.0.40219.1
Project("{9A19103F-16F7-4668-BE54-9A1E7A4F7556}") = "BestBuy_FizzBuzz", "BestBuy_FizzBuzz\BestBuy_FizzBuzz.csproj", "{9EF7B52B-C10D-40DA-A049-B20DF0DD164B}"
EndProject
Project("{FAE04EC0-301F-11D3-BF4B-00C04F79EFBC}") = "BestBuy_FizzBuzz.Tests", "BestBuy_FizzBuzz.Tests\BestBuy_FizzBuzz.Tests.csproj", "{9B2C3A72-3628-4EA1-A326-6E92F2A184F4}"
EndProject
Global
	GlobalSection(SolutionConfigurationPlatforms) = preSolution
		Debug|Any CPU = Debug|Any CPU
		Release|Any CPU = Release|Any CPU
	EndGlobalSection
	GlobalSection(ProjectConfigurationPlatforms) = postSolution
		{9EF7B52B-C10D-40DA-A049-B20DF0DD164B}.Debug|Any CPU.ActiveCfg = Debug|Any CPU
		{9EF7B52B-C10D-40DA-A049-B20DF0DD164B}.Debug|Any CPU.Build.0 = Debug|Any CPU
		{9EF7B52B-C10D-40DA-A049-B20DF0DD164B}.Release|Any CPU.ActiveCfg = Release|Any CPU
		{9EF7B52B-C10D-40DA-A049-B20DF0DD164B}.Release|Any CPU.Build.0 = Release|Any CPU
		{9B2C3A72-3628-4EA1-A326-6E92F2A184F4}.Debug|Any CPU.ActiveCfg = Debug|Any CPU
		{9B2C3A72-3628-4EA1-A326-6E92F2A184F4}.Debug|Any CPU.Build.0 = Debug|Any CPU
		{9B2C3A72-3628-4EA1-A326-6E92F2A184F4}.Release|Any CPU.ActiveCfg = Release|Any CPU
		{9B2C3A72-3628-4EA1-A326-6E92F2A184F4}.Release|Any CPU.Build.0 = Release|Any CPU
	EndGlobalSection
	GlobalSection(SolutionProperties) = preSolution
		HideSolutionNode = FALSE
	EndGlobalSection
	GlobalSection(ExtensibilityGlobals) = postSolution
		SolutionGuid = {9020D679-B05D-4E2C-9329-C70960C4E8DD}
	EndGlobalSection
EndGlobal
